
Microsoft Visual Studio Solution File, Format Version 12.00
# Visual Studio Version 17
VisualStudioVersion = 17.7.34024.191
MinimumVisualStudioVersion = 10.0.40219.1
Project("{FAE04EC0-301F-11D3-BF4B-00C04F79EFBC}") = "Electro Ecommerce MVC Project", "Electro Ecommerce MVC Project\Electro Ecommerce MVC Project.csproj", "{DFDC4311-3EED-489C-BF13-4EB2EC42CF16}"
EndProject
Global
	GlobalSection(SolutionConfigurationPlatforms) = preSolution
		Debug|Any CPU = Debug|Any CPU
		Release|Any CPU = Release|Any CPU
	EndGlobalSection
	GlobalSection(ProjectConfigurationPlatforms) = postSolution
		{DFDC4311-3EED-489C-BF13-4EB2EC42CF16}.Debug|Any CPU.ActiveCfg = Debug|Any CPU
		{DFDC4311-3EED-489C-BF13-4EB2EC42CF16}.Debug|Any CPU.Build.0 = Debug|Any CPU
		{DFDC4311-3EED-489C-BF13-4EB2EC42CF16}.Release|Any CPU.ActiveCfg = Release|Any CPU
		{DFDC4311-3EED-489C-BF13-4EB2EC42CF16}.Release|Any CPU.Build.0 = Release|Any CPU
	EndGlobalSection
	GlobalSection(SolutionProperties) = preSolution
		HideSolutionNode = FALSE
	EndGlobalSection
	GlobalSection(ExtensibilityGlobals) = postSolution
		SolutionGuid = {1871F722-1E46-4830-B87F-7C7C5A389C53}
	EndGlobalSection
EndGlobal
